
Microsoft Visual Studio Solution File, Format Version 12.00
# Visual Studio Version 16
VisualStudioVersion = 16.0.29418.71
MinimumVisualStudioVersion = 10.0.40219.1
Project("{FAE04EC0-301F-11D3-BF4B-00C04F79EFBC}") = "Bushuosx.ConsoleMenu.Core", "Bushuosx.ConsoleMenu.Core\Bushuosx.ConsoleMenu.Core.csproj", "{9E037C60-7720-41A8-9FE4-795A15AD9FB8}"
EndProject
Project("{FAE04EC0-301F-11D3-BF4B-00C04F79EFBC}") = "Bushuosx.ConsoleMenu.ConsoleApp", "Bushuosx.ConsoleMenu.ConsoleApp\Bushuosx.ConsoleMenu.ConsoleApp.csproj", "{C73989C1-8DC0-4A53-A909-91D7F15ACDB6}"
EndProject
Global
	GlobalSection(SolutionConfigurationPlatforms) = preSolution
		Debug|Any CPU = Debug|Any CPU
		Release|Any CPU = Release|Any CPU
	EndGlobalSection
	GlobalSection(ProjectConfigurationPlatforms) = postSolution
		{9E037C60-7720-41A8-9FE4-795A15AD9FB8}.Debug|Any CPU.ActiveCfg = Debug|Any CPU
		{9E037C60-7720-41A8-9FE4-795A15AD9FB8}.Debug|Any CPU.Build.0 = Debug|Any CPU
		{9E037C60-7720-41A8-9FE4-795A15AD9FB8}.Release|Any CPU.ActiveCfg = Release|Any CPU
		{9E037C60-7720-41A8-9FE4-795A15AD9FB8}.Release|Any CPU.Build.0 = Release|Any CPU
		{C73989C1-8DC0-4A53-A909-91D7F15ACDB6}.Debug|Any CPU.ActiveCfg = Debug|Any CPU
		{C73989C1-8DC0-4A53-A909-91D7F15ACDB6}.Debug|Any CPU.Build.0 = Debug|Any CPU
		{C73989C1-8DC0-4A53-A909-91D7F15ACDB6}.Release|Any CPU.ActiveCfg = Release|Any CPU
		{C73989C1-8DC0-4A53-A909-91D7F15ACDB6}.Release|Any CPU.Build.0 = Release|Any CPU
	EndGlobalSection
	GlobalSection(SolutionProperties) = preSolution
		HideSolutionNode = FALSE
	EndGlobalSection
	GlobalSection(ExtensibilityGlobals) = postSolution
		SolutionGuid = {AE2822C3-BDD6-40CF-A281-093E82143270}
	EndGlobalSection
EndGlobal
